
Microsoft Visual Studio Solution File, Format Version 12.00
# Visual Studio Version 17
VisualStudioVersion = 17.8.34601.278
MinimumVisualStudioVersion = 10.0.40219.1
Project("{FAE04EC0-301F-11D3-BF4B-00C04F79EFBC}") = "01", "01\01.csproj", "{EEBBAA31-3931-4776-9756-49F5DEC6AA1C}"
EndProject
Project("{FAE04EC0-301F-11D3-BF4B-00C04F79EFBC}") = "02", "02\02.csproj", "{8343586F-D170-46D5-965A-FB591B30C7B8}"
EndProject
Project("{FAE04EC0-301F-11D3-BF4B-00C04F79EFBC}") = "03", "03\03.csproj", "{1A2C6D84-4DDE-45C7-84E7-1978A356392C}"
EndProject
Project("{FAE04EC0-301F-11D3-BF4B-00C04F79EFBC}") = "04", "04\04.csproj", "{7E42AACA-A27D-441E-8D10-F0F1758A6950}"
EndProject
Project("{FAE04EC0-301F-11D3-BF4B-00C04F79EFBC}") = "05", "05\05.csproj", "{9E4264AE-1994-43C9-BDC5-906651D46323}"
EndProject
Project("{FAE04EC0-301F-11D3-BF4B-00C04F79EFBC}") = "06", "06\06.csproj", "{DDDB743A-63B7-494E-8087-EC742B4E3B86}"
EndProject
Project("{FAE04EC0-301F-11D3-BF4B-00C04F79EFBC}") = "07", "07\07.csproj", "{52EFD001-AB13-45AC-AF43-B3D9C675376C}"
EndProject
Project("{FAE04EC0-301F-11D3-BF4B-00C04F79EFBC}") = "08", "08\08.csproj", "{92B28B89-1777-4849-A702-952986068D4F}"
EndProject
Project("{FAE04EC0-301F-11D3-BF4B-00C04F79EFBC}") = "10", "10\10.csproj", "{02B848CD-FBB2-457A-9238-DB08385DE84A}"
EndProject
Project("{FAE04EC0-301F-11D3-BF4B-00C04F79EFBC}") = "09", "09\09.csproj", "{C05CDAA6-BD87-403C-BF07-1815C6D63CED}"
EndProject
Global
	GlobalSection(SolutionConfigurationPlatforms) = preSolution
		Debug|Any CPU = Debug|Any CPU
		Release|Any CPU = Release|Any CPU
	EndGlobalSection
	GlobalSection(ProjectConfigurationPlatforms) = postSolution
		{EEBBAA31-3931-4776-9756-49F5DEC6AA1C}.Debug|Any CPU.ActiveCfg = Debug|Any CPU
		{EEBBAA31-3931-4776-9756-49F5DEC6AA1C}.Debug|Any CPU.Build.0 = Debug|Any CPU
		{EEBBAA31-3931-4776-9756-49F5DEC6AA1C}.Release|Any CPU.ActiveCfg = Release|Any CPU
		{EEBBAA31-3931-4776-9756-49F5DEC6AA1C}.Release|Any CPU.Build.0 = Release|Any CPU
		{8343586F-D170-46D5-965A-FB591B30C7B8}.Debug|Any CPU.ActiveCfg = Debug|Any CPU
		{8343586F-D170-46D5-965A-FB591B30C7B8}.Debug|Any CPU.Build.0 = Debug|Any CPU
		{8343586F-D170-46D5-965A-FB591B30C7B8}.Release|Any CPU.ActiveCfg = Release|Any CPU
		{8343586F-D170-46D5-965A-FB591B30C7B8}.Release|Any CPU.Build.0 = Release|Any CPU
		{1A2C6D84-4DDE-45C7-84E7-1978A356392C}.Debug|Any CPU.ActiveCfg = Debug|Any CPU
		{1A2C6D84-4DDE-45C7-84E7-1978A356392C}.Debug|Any CPU.Build.0 = Debug|Any CPU
		{1A2C6D84-4DDE-45C7-84E7-1978A356392C}.Release|Any CPU.ActiveCfg = Release|Any CPU
		{1A2C6D84-4DDE-45C7-84E7-1978A356392C}.Release|Any CPU.Build.0 = Release|Any CPU
		{7E42AACA-A27D-441E-8D10-F0F1758A6950}.Debug|Any CPU.ActiveCfg = Debug|Any CPU
		{7E42AACA-A27D-441E-8D10-F0F1758A6950}.Debug|Any CPU.Build.0 = Debug|Any CPU
		{7E42AACA-A27D-441E-8D10-F0F1758A6950}.Release|Any CPU.ActiveCfg = Release|Any CPU
		{7E42AACA-A27D-441E-8D10-F0F1758A6950}.Release|Any CPU.Build.0 = Release|Any CPU
		{9E4264AE-1994-43C9-BDC5-906651D46323}.Debug|Any CPU.ActiveCfg = Debug|Any CPU
		{9E4264AE-1994-43C9-BDC5-906651D46323}.Debug|Any CPU.Build.0 = Debug|Any CPU
		{9E4264AE-1994-43C9-BDC5-906651D46323}.Release|Any CPU.ActiveCfg = Release|Any CPU
		{9E4264AE-1994-43C9-BDC5-906651D46323}.Release|Any CPU.Build.0 = Release|Any CPU
		{DDDB743A-63B7-494E-8087-EC742B4E3B86}.Debug|Any CPU.ActiveCfg = Debug|Any CPU
		{DDDB743A-63B7-494E-8087-EC742B4E3B86}.Debug|Any CPU.Build.0 = Debug|Any CPU
		{DDDB743A-63B7-494E-8087-EC742B4E3B86}.Release|Any CPU.ActiveCfg = Release|Any CPU
		{DDDB743A-63B7-494E-8087-EC742B4E3B86}.Release|Any CPU.Build.0 = Release|Any CPU
		{52EFD001-AB13-45AC-AF43-B3D9C675376C}.Debug|Any CPU.ActiveCfg = Debug|Any CPU
		{52EFD001-AB13-45AC-AF43-B3D9C675376C}.Debug|Any CPU.Build.0 = Debug|Any CPU
		{52EFD001-AB13-45AC-AF43-B3D9C675376C}.Release|Any CPU.ActiveCfg = Release|Any CPU
		{52EFD001-AB13-45AC-AF43-B3D9C675376C}.Release|Any CPU.Build.0 = Release|Any CPU
		{92B28B89-1777-4849-A702-952986068D4F}.Debug|Any CPU.ActiveCfg = Debug|Any CPU
		{92B28B89-1777-4849-A702-952986068D4F}.Debug|Any CPU.Build.0 = Debug|Any CPU
		{92B28B89-1777-4849-A702-952986068D4F}.Release|Any CPU.ActiveCfg = Release|Any CPU
		{92B28B89-1777-4849-A702-952986068D4F}.Release|Any CPU.Build.0 = Release|Any CPU
		{02B848CD-FBB2-457A-9238-DB08385DE84A}.Debug|Any CPU.ActiveCfg = Debug|Any CPU
		{02B848CD-FBB2-457A-9238-DB08385DE84A}.Debug|Any CPU.Build.0 = Debug|Any CPU
		{02B848CD-FBB2-457A-9238-DB08385DE84A}.Release|Any CPU.ActiveCfg = Release|Any CPU
		{02B848CD-FBB2-457A-9238-DB08385DE84A}.Release|Any CPU.Build.0 = Release|Any CPU
		{C05CDAA6-BD87-403C-BF07-1815C6D63CED}.Debug|Any CPU.ActiveCfg = Debug|Any CPU
		{C05CDAA6-BD87-403C-BF07-1815C6D63CED}.Debug|Any CPU.Build.0 = Debug|Any CPU
		{C05CDAA6-BD87-403C-BF07-1815C6D63CED}.Release|Any CPU.ActiveCfg = Release|Any CPU
		{C05CDAA6-BD87-403C-BF07-1815C6D63CED}.Release|Any CPU.Build.0 = Release|Any CPU
	EndGlobalSection
	GlobalSection(SolutionProperties) = preSolution
		HideSolutionNode = FALSE
	EndGlobalSection
	GlobalSection(ExtensibilityGlobals) = postSolution
		SolutionGuid = {4A0A3A2F-0DC0-43D9-8999-83081BAF1A3E}
	EndGlobalSection
EndGlobal
